
Microsoft Visual Studio Solution File, Format Version 12.00
# Visual Studio Version 17
VisualStudioVersion = 17.11.35312.102
MinimumVisualStudioVersion = 10.0.40219.1
Project("{FAE04EC0-301F-11D3-BF4B-00C04F79EFBC}") = "ex1", "ex1.csproj", "{98F90A2B-886B-4765-B827-9E0CBCEAE82A}"
EndProject
Global
	GlobalSection(SolutionConfigurationPlatforms) = preSolution
		Debug|Any CPU = Debug|Any CPU
		Release|Any CPU = Release|Any CPU
	EndGlobalSection
	GlobalSection(ProjectConfigurationPlatforms) = postSolution
		{98F90A2B-886B-4765-B827-9E0CBCEAE82A}.Debug|Any CPU.ActiveCfg = Debug|Any CPU
		{98F90A2B-886B-4765-B827-9E0CBCEAE82A}.Debug|Any CPU.Build.0 = Debug|Any CPU
		{98F90A2B-886B-4765-B827-9E0CBCEAE82A}.Release|Any CPU.ActiveCfg = Release|Any CPU
		{98F90A2B-886B-4765-B827-9E0CBCEAE82A}.Release|Any CPU.Build.0 = Release|Any CPU
	EndGlobalSection
	GlobalSection(SolutionProperties) = preSolution
		HideSolutionNode = FALSE
	EndGlobalSection
	GlobalSection(ExtensibilityGlobals) = postSolution
		SolutionGuid = {3EA931E2-103C-4990-A02F-5C23567495CC}
	EndGlobalSection
EndGlobal
